// !$*UTF8*$!
{
	archiveVersion = 1;
	classes = {
	};
	objectVersion = 50;
	objects = {

/* Begin PBXBuildFile section */
		842B2AE825C7C3B400D94BA6 /* Collection.swift in Sources */ = {isa = PBXBuildFile; fileRef = 842B2AE725C7C3B400D94BA6 /* Collection.swift */; };
		842B2AED25C7CB2B00D94BA6 /* SearchQueryService.swift in Sources */ = {isa = PBXBuildFile; fileRef = 842B2AEC25C7CB2B00D94BA6 /* SearchQueryService.swift */; };
		844FF25D25C97C26001241EE /* DetailViewController.swift in Sources */ = {isa = PBXBuildFile; fileRef = 844FF25C25C97C26001241EE /* DetailViewController.swift */; };
		84972DE925C3C13000D255FE /* AppDelegate.swift in Sources */ = {isa = PBXBuildFile; fileRef = 84972DE825C3C13000D255FE /* AppDelegate.swift */; };
		84972DED25C3C13000D255FE /* SearchViewController.swift in Sources */ = {isa = PBXBuildFile; fileRef = 84972DEC25C3C13000D255FE /* SearchViewController.swift */; };
		84972DF025C3C13000D255FE /* Main.storyboard in Resources */ = {isa = PBXBuildFile; fileRef = 84972DEE25C3C13000D255FE /* Main.storyboard */; };
		84972DF225C3C13100D255FE /* Assets.xcassets in Resources */ = {isa = PBXBuildFile; fileRef = 84972DF125C3C13100D255FE /* Assets.xcassets */; };
		84972DF525C3C13100D255FE /* LaunchScreen.storyboard in Resources */ = {isa = PBXBuildFile; fileRef = 84972DF325C3C13100D255FE /* LaunchScreen.storyboard */; };
		84E2994B25C8286B00C92A03 /* CollectionViewCell.swift in Sources */ = {isa = PBXBuildFile; fileRef = 84E2994A25C8286B00C92A03 /* CollectionViewCell.swift */; };
		84EC5FF525CA731B005237C5 /* TrackViewCell.swift in Sources */ = {isa = PBXBuildFile; fileRef = 84EC5FF425CA731B005237C5 /* TrackViewCell.swift */; };
		84EC5FF825CA98E6005237C5 /* Track.swift in Sources */ = {isa = PBXBuildFile; fileRef = 84EC5FF725CA98E6005237C5 /* Track.swift */; };
		84EC5FFC25CA9EE8005237C5 /* TracksQueryService.swift in Sources */ = {isa = PBXBuildFile; fileRef = 84EC5FFB25CA9EE8005237C5 /* TracksQueryService.swift */; };
/* End PBXBuildFile section */

/* Begin PBXFileReference section */
		842B2AE725C7C3B400D94BA6 /* Collection.swift */ = {isa = PBXFileReference; lastKnownFileType = sourcecode.swift; path = Collection.swift; sourceTree = "<group>"; };
		842B2AEC25C7CB2B00D94BA6 /* SearchQueryService.swift */ = {isa = PBXFileReference; lastKnownFileType = sourcecode.swift; path = SearchQueryService.swift; sourceTree = "<group>"; };
		844FF25C25C97C26001241EE /* DetailViewController.swift */ = {isa = PBXFileReference; lastKnownFileType = sourcecode.swift; path = DetailViewController.swift; sourceTree = "<group>"; };
		84972DE525C3C13000D255FE /* iTunes Client.app */ = {isa = PBXFileReference; explicitFileType = wrapper.application; includeInIndex = 0; path = "iTunes Client.app"; sourceTree = BUILT_PRODUCTS_DIR; };
		84972DE825C3C13000D255FE /* AppDelegate.swift */ = {isa = PBXFileReference; lastKnownFileType = sourcecode.swift; path = AppDelegate.swift; sourceTree = "<group>"; };
		84972DEC25C3C13000D255FE /* SearchViewController.swift */ = {isa = PBXFileReference; lastKnownFileType = sourcecode.swift; path = SearchViewController.swift; sourceTree = "<group>"; };
		84972DEF25C3C13000D255FE /* Base */ = {isa = PBXFileReference; lastKnownFileType = file.storyboard; name = Base; path = Base.lproj/Main.storyboard; sourceTree = "<group>"; };
		84972DF125C3C13100D255FE /* Assets.xcassets */ = {isa = PBXFileReference; lastKnownFileType = folder.assetcatalog; path = Assets.xcassets; sourceTree = "<group>"; };
		84972DF425C3C13100D255FE /* Base */ = {isa = PBXFileReference; lastKnownFileType = file.storyboard; name = Base; path = Base.lproj/LaunchScreen.storyboard; sourceTree = "<group>"; };
		84972DF625C3C13100D255FE /* Info.plist */ = {isa = PBXFileReference; lastKnownFileType = text.plist.xml; path = Info.plist; sourceTree = "<group>"; };
		84E2994A25C8286B00C92A03 /* CollectionViewCell.swift */ = {isa = PBXFileReference; lastKnownFileType = sourcecode.swift; path = CollectionViewCell.swift; sourceTree = "<group>"; };
		84EC5FF425CA731B005237C5 /* TrackViewCell.swift */ = {isa = PBXFileReference; lastKnownFileType = sourcecode.swift; path = TrackViewCell.swift; sourceTree = "<group>"; };
		84EC5FF725CA98E6005237C5 /* Track.swift */ = {isa = PBXFileReference; lastKnownFileType = sourcecode.swift; path = Track.swift; sourceTree = "<group>"; };
		84EC5FFB25CA9EE8005237C5 /* TracksQueryService.swift */ = {isa = PBXFileReference; lastKnownFileType = sourcecode.swift; path = TracksQueryService.swift; sourceTree = "<group>"; };
/* End PBXFileReference section */

/* Begin PBXFrameworksBuildPhase section */
		84972DE225C3C13000D255FE /* Frameworks */ = {
			isa = PBXFrameworksBuildPhase;
			buildActionMask = 2147483647;
			files = (
			);
			runOnlyForDeploymentPostprocessing = 0;
		};
/* End PBXFrameworksBuildPhase section */

/* Begin PBXGroup section */
		842B2AE325C7C35500D94BA6 /* Model */ = {
			isa = PBXGroup;
			children = (
				842B2AE725C7C3B400D94BA6 /* Collection.swift */,
				84EC5FF725CA98E6005237C5 /* Track.swift */,
			);
			path = Model;
			sourceTree = "<group>";
		};
		842B2AEB25C7CB1400D94BA6 /* Networking */ = {
			isa = PBXGroup;
			children = (
				842B2AEC25C7CB2B00D94BA6 /* SearchQueryService.swift */,
				84EC5FFB25CA9EE8005237C5 /* TracksQueryService.swift */,
			);
			path = Networking;
			sourceTree = "<group>";
		};
		844FF25F25C982C3001241EE /* Controllers */ = {
			isa = PBXGroup;
			children = (
				84972DEC25C3C13000D255FE /* SearchViewController.swift */,
				844FF25C25C97C26001241EE /* DetailViewController.swift */,
			);
			path = Controllers;
			sourceTree = "<group>";
		};
		844FF26125C98337001241EE /* Resources */ = {
			isa = PBXGroup;
			children = (
				84972DEE25C3C13000D255FE /* Main.storyboard */,
				84972DF125C3C13100D255FE /* Assets.xcassets */,
				84972DF325C3C13100D255FE /* LaunchScreen.storyboard */,
			);
			path = Resources;
			sourceTree = "<group>";
		};
		84972DDC25C3C13000D255FE = {
			isa = PBXGroup;
			children = (
				84972DE725C3C13000D255FE /* iTunes Client */,
				84972DE625C3C13000D255FE /* Products */,
			);
			sourceTree = "<group>";
		};
		84972DE625C3C13000D255FE /* Products */ = {
			isa = PBXGroup;
			children = (
				84972DE525C3C13000D255FE /* iTunes Client.app */,
			);
			name = Products;
			sourceTree = "<group>";
		};
		84972DE725C3C13000D255FE /* iTunes Client */ = {
			isa = PBXGroup;
			children = (
				844FF26125C98337001241EE /* Resources */,
				844FF25F25C982C3001241EE /* Controllers */,
				84E2994925C8282700C92A03 /* Views */,
				842B2AEB25C7CB1400D94BA6 /* Networking */,
				842B2AE325C7C35500D94BA6 /* Model */,
				84972DE825C3C13000D255FE /* AppDelegate.swift */,
				84972DF625C3C13100D255FE /* Info.plist */,
			);
			path = "iTunes Client";
			sourceTree = "<group>";
		};
		84E2994925C8282700C92A03 /* Views */ = {
			isa = PBXGroup;
			children = (
				84E2994A25C8286B00C92A03 /* CollectionViewCell.swift */,
				84EC5FF425CA731B005237C5 /* TrackViewCell.swift */,
			);
			path = Views;
			sourceTree = "<group>";
		};
/* End PBXGroup section */

/* Begin PBXNativeTarget section */
		84972DE425C3C13000D255FE /* iTunes Client */ = {
			isa = PBXNativeTarget;
			buildConfigurationList = 84972DF925C3C13100D255FE /* Build configuration list for PBXNativeTarget "iTunes Client" */;
			buildPhases = (
				84972DE125C3C13000D255FE /* Sources */,
				84972DE225C3C13000D255FE /* Frameworks */,
				84972DE325C3C13000D255FE /* Resources */,
			);
			buildRules = (
			);
			dependencies = (
			);
			name = "iTunes Client";
			productName = "iTunes Client";
			productReference = 84972DE525C3C13000D255FE /* iTunes Client.app */;
			productType = "com.apple.product-type.application";
		};
/* End PBXNativeTarget section */

/* Begin PBXProject section */
		84972DDD25C3C13000D255FE /* Project object */ = {
			isa = PBXProject;
			attributes = {
				LastSwiftUpdateCheck = 1220;
				LastUpgradeCheck = 1220;
				TargetAttributes = {
					84972DE425C3C13000D255FE = {
						CreatedOnToolsVersion = 12.2;
					};
				};
			};
			buildConfigurationList = 84972DE025C3C13000D255FE /* Build configuration list for PBXProject "iTunes Client" */;
			compatibilityVersion = "Xcode 9.3";
			developmentRegion = en;
			hasScannedForEncodings = 0;
			knownRegions = (
				en,
				Base,
			);
			mainGroup = 84972DDC25C3C13000D255FE;
			productRefGroup = 84972DE625C3C13000D255FE /* Products */;
			projectDirPath = "";
			projectRoot = "";
			targets = (
				84972DE425C3C13000D255FE /* iTunes Client */,
			);
		};
/* End PBXProject section */

/* Begin PBXResourcesBuildPhase section */
		84972DE325C3C13000D255FE /* Resources */ = {
			isa = PBXResourcesBuildPhase;
			buildActionMask = 2147483647;
			files = (
				84972DF525C3C13100D255FE /* LaunchScreen.storyboard in Resources */,
				84972DF225C3C13100D255FE /* Assets.xcassets in Resources */,
				84972DF025C3C13000D255FE /* Main.storyboard in Resources */,
			);
			runOnlyForDeploymentPostprocessing = 0;
		};
/* End PBXResourcesBuildPhase section */

/* Begin PBXSourcesBuildPhase section */
		84972DE125C3C13000D255FE /* Sources */ = {
			isa = PBXSourcesBuildPhase;
			buildActionMask = 2147483647;
			files = (
				84972DED25C3C13000D255FE /* SearchViewController.swift in Sources */,
				84E2994B25C8286B00C92A03 /* CollectionViewCell.swift in Sources */,
				84972DE925C3C13000D255FE /* AppDelegate.swift in Sources */,
				84EC5FFC25CA9EE8005237C5 /* TracksQueryService.swift in Sources */,
				842B2AED25C7CB2B00D94BA6 /* SearchQueryService.swift in Sources */,
				84EC5FF825CA98E6005237C5 /* Track.swift in Sources */,
				842B2AE825C7C3B400D94BA6 /* Collection.swift in Sources */,
				844FF25D25C97C26001241EE /* DetailViewController.swift in Sources */,
				84EC5FF525CA731B005237C5 /* TrackViewCell.swift in Sources */,
			);
			runOnlyForDeploymentPostprocessing = 0;
		};
/* End PBXSourcesBuildPhase section */

/* Begin PBXVariantGroup section */
		84972DEE25C3C13000D255FE /* Main.storyboard */ = {
			isa = PBXVariantGroup;
			children = (
				84972DEF25C3C13000D255FE /* Base */,
			);
			name = Main.storyboard;
			sourceTree = "<group>";
		};
		84972DF325C3C13100D255FE /* LaunchScreen.storyboard */ = {
			isa = PBXVariantGroup;
			children = (
				84972DF425C3C13100D255FE /* Base */,
			);
			name = LaunchScreen.storyboard;
			sourceTree = "<group>";
		};
/* End PBXVariantGroup section */

/* Begin XCBuildConfiguration section */
		84972DF725C3C13100D255FE /* Debug */ = {
			isa = XCBuildConfiguration;
			buildSettings = {
				ALWAYS_SEARCH_USER_PATHS = NO;
				CLANG_ANALYZER_NONNULL = YES;
				CLANG_ANALYZER_NUMBER_OBJECT_CONVERSION = YES_AGGRESSIVE;
				CLANG_CXX_LANGUAGE_STANDARD = "gnu++14";
				CLANG_CXX_LIBRARY = "libc++";
				CLANG_ENABLE_MODULES = YES;
				CLANG_ENABLE_OBJC_ARC = YES;
				CLANG_ENABLE_OBJC_WEAK = YES;
				CLANG_WARN_BLOCK_CAPTURE_AUTORELEASING = YES;
				CLANG_WARN_BOOL_CONVERSION = YES;
				CLANG_WARN_COMMA = YES;
				CLANG_WARN_CONSTANT_CONVERSION = YES;
				CLANG_WARN_DEPRECATED_OBJC_IMPLEMENTATIONS = YES;
				CLANG_WARN_DIRECT_OBJC_ISA_USAGE = YES_ERROR;
				CLANG_WARN_DOCUMENTATION_COMMENTS = YES;
				CLANG_WARN_EMPTY_BODY = YES;
				CLANG_WARN_ENUM_CONVERSION = YES;
				CLANG_WARN_INFINITE_RECURSION = YES;
				CLANG_WARN_INT_CONVERSION = YES;
				CLANG_WARN_NON_LITERAL_NULL_CONVERSION = YES;
				CLANG_WARN_OBJC_IMPLICIT_RETAIN_SELF = YES;
				CLANG_WARN_OBJC_LITERAL_CONVERSION = YES;
				CLANG_WARN_OBJC_ROOT_CLASS = YES_ERROR;
				CLANG_WARN_QUOTED_INCLUDE_IN_FRAMEWORK_HEADER = YES;
				CLANG_WARN_RANGE_LOOP_ANALYSIS = YES;
				CLANG_WARN_STRICT_PROTOTYPES = YES;
				CLANG_WARN_SUSPICIOUS_MOVE = YES;
				CLANG_WARN_UNGUARDED_AVAILABILITY = YES_AGGRESSIVE;
				CLANG_WARN_UNREACHABLE_CODE = YES;
				CLANG_WARN__DUPLICATE_METHOD_MATCH = YES;
				COPY_PHASE_STRIP = NO;
				DEBUG_INFORMATION_FORMAT = dwarf;
				ENABLE_STRICT_OBJC_MSGSEND = YES;
				ENABLE_TESTABILITY = YES;
				GCC_C_LANGUAGE_STANDARD = gnu11;
				GCC_DYNAMIC_NO_PIC = NO;
				GCC_NO_COMMON_BLOCKS = YES;
				GCC_OPTIMIZATION_LEVEL = 0;
				GCC_PREPROCESSOR_DEFINITIONS = (
					"DEBUG=1",
					"$(inherited)",
				);
				GCC_WARN_64_TO_32_BIT_CONVERSION = YES;
				GCC_WARN_ABOUT_RETURN_TYPE = YES_ERROR;
				GCC_WARN_UNDECLARED_SELECTOR = YES;
				GCC_WARN_UNINITIALIZED_AUTOS = YES_AGGRESSIVE;
				GCC_WARN_UNUSED_FUNCTION = YES;
				GCC_WARN_UNUSED_VARIABLE = YES;
				IPHONEOS_DEPLOYMENT_TARGET = 14.2;
				MTL_ENABLE_DEBUG_INFO = INCLUDE_SOURCE;
				MTL_FAST_MATH = YES;
				ONLY_ACTIVE_ARCH = YES;
				SDKROOT = iphoneos;
				SWIFT_ACTIVE_COMPILATION_CONDITIONS = DEBUG;
				SWIFT_OPTIMIZATION_LEVEL = "-Onone";
			};
			name = Debug;
		};
		84972DF825C3C13100D255FE /* Release */ = {
			isa = XCBuildConfiguration;
			buildSettings = {
				ALWAYS_SEARCH_USER_PATHS = NO;
				CLANG_ANALYZER_NONNULL = YES;
				CLANG_ANALYZER_NUMBER_OBJECT_CONVERSION = YES_AGGRESSIVE;
				CLANG_CXX_LANGUAGE_STANDARD = "gnu++14";
				CLANG_CXX_LIBRARY = "libc++";
				CLANG_ENABLE_MODULES = YES;
				CLANG_ENABLE_OBJC_ARC = YES;
				CLANG_ENABLE_OBJC_WEAK = YES;
				CLANG_WARN_BLOCK_CAPTURE_AUTORELEASING = YES;
				CLANG_WARN_BOOL_CONVERSION = YES;
				CLANG_WARN_COMMA = YES;
				CLANG_WARN_CONSTANT_CONVERSION = YES;
				CLANG_WARN_DEPRECATED_OBJC_IMPLEMENTATIONS = YES;
				CLANG_WARN_DIRECT_OBJC_ISA_USAGE = YES_ERROR;
				CLANG_WARN_DOCUMENTATION_COMMENTS = YES;
				CLANG_WARN_EMPTY_BODY = YES;
				CLANG_WARN_ENUM_CONVERSION = YES;
				CLANG_WARN_INFINITE_RECURSION = YES;
				CLANG_WARN_INT_CONVERSION = YES;
				CLANG_WARN_NON_LITERAL_NULL_CONVERSION = YES;
				CLANG_WARN_OBJC_IMPLICIT_RETAIN_SELF = YES;
				CLANG_WARN_OBJC_LITERAL_CONVERSION = YES;
				CLANG_WARN_OBJC_ROOT_CLASS = YES_ERROR;
				CLANG_WARN_QUOTED_INCLUDE_IN_FRAMEWORK_HEADER = YES;
				CLANG_WARN_RANGE_LOOP_ANALYSIS = YES;
				CLANG_WARN_STRICT_PROTOTYPES = YES;
				CLANG_WARN_SUSPICIOUS_MOVE = YES;
				CLANG_WARN_UNGUARDED_AVAILABILITY = YES_AGGRESSIVE;
				CLANG_WARN_UNREACHABLE_CODE = YES;
				CLANG_WARN__DUPLICATE_METHOD_MATCH = YES;
				COPY_PHASE_STRIP = NO;
				DEBUG_INFORMATION_FORMAT = "dwarf-with-dsym";
				ENABLE_NS_ASSERTIONS = NO;
				ENABLE_STRICT_OBJC_MSGSEND = YES;
				GCC_C_LANGUAGE_STANDARD = gnu11;
				GCC_NO_COMMON_BLOCKS = YES;
				GCC_WARN_64_TO_32_BIT_CONVERSION = YES;
				GCC_WARN_ABOUT_RETURN_TYPE = YES_ERROR;
				GCC_WARN_UNDECLARED_SELECTOR = YES;
				GCC_WARN_UNINITIALIZED_AUTOS = YES_AGGRESSIVE;
				GCC_WARN_UNUSED_FUNCTION = YES;
				GCC_WARN_UNUSED_VARIABLE = YES;
				IPHONEOS_DEPLOYMENT_TARGET = 14.2;
				MTL_ENABLE_DEBUG_INFO = NO;
				MTL_FAST_MATH = YES;
				SDKROOT = iphoneos;
				SWIFT_COMPILATION_MODE = wholemodule;
				SWIFT_OPTIMIZATION_LEVEL = "-O";
				VALIDATE_PRODUCT = YES;
			};
			name = Release;
		};
		84972DFA25C3C13100D255FE /* Debug */ = {
			isa = XCBuildConfiguration;
			buildSettings = {
				ASSETCATALOG_COMPILER_APPICON_NAME = AppIcon;
				ASSETCATALOG_COMPILER_GLOBAL_ACCENT_COLOR_NAME = AccentColor;
				CODE_SIGN_STYLE = Automatic;
				DEVELOPMENT_TEAM = K98FJFNJ76;
				INFOPLIST_FILE = "iTunes Client/Info.plist";
				IPHONEOS_DEPLOYMENT_TARGET = 12.0;
				LD_RUNPATH_SEARCH_PATHS = (
					"$(inherited)",
					"@executable_path/Frameworks",
				);
				PRODUCT_BUNDLE_IDENTIFIER = "com.maxboychenko.iTunes-Client";
				PRODUCT_NAME = "$(TARGET_NAME)";
				SWIFT_VERSION = 5.0;
				TARGETED_DEVICE_FAMILY = 1;
			};
			name = Debug;
		};
		84972DFB25C3C13100D255FE /* Release */ = {
			isa = XCBuildConfiguration;
			buildSettings = {
				ASSETCATALOG_COMPILER_APPICON_NAME = AppIcon;
				ASSETCATALOG_COMPILER_GLOBAL_ACCENT_COLOR_NAME = AccentColor;
				CODE_SIGN_STYLE = Automatic;
				DEVELOPMENT_TEAM = K98FJFNJ76;
				INFOPLIST_FILE = "iTunes Client/Info.plist";
				IPHONEOS_DEPLOYMENT_TARGET = 12.0;
				LD_RUNPATH_SEARCH_PATHS = (
					"$(inherited)",
					"@executable_path/Frameworks",
				);
				PRODUCT_BUNDLE_IDENTIFIER = "com.maxboychenko.iTunes-Client";
				PRODUCT_NAME = "$(TARGET_NAME)";
				SWIFT_VERSION = 5.0;
				TARGETED_DEVICE_FAMILY = 1;
			};
			name = Release;
		};
/* End XCBuildConfiguration section */

/* Begin XCConfigurationList section */
		84972DE025C3C13000D255FE /* Build configuration list for PBXProject "iTunes Client" */ = {
			isa = XCConfigurationList;
			buildConfigurations = (
				84972DF725C3C13100D255FE /* Debug */,
				84972DF825C3C13100D255FE /* Release */,
			);
			defaultConfigurationIsVisible = 0;
			defaultConfigurationName = Release;
		};
		84972DF925C3C13100D255FE /* Build configuration list for PBXNativeTarget "iTunes Client" */ = {
			isa = XCConfigurationList;
			buildConfigurations = (
				84972DFA25C3C13100D255FE /* Debug */,
				84972DFB25C3C13100D255FE /* Release */,
			);
			defaultConfigurationIsVisible = 0;
			defaultConfigurationName = Release;
		};
/* End XCConfigurationList section */
	};
	rootObject = 84972DDD25C3C13000D255FE /* Project object */;
}
